// !$*UTF8*$!
{
	archiveVersion = 1;
	classes = {
	};
	objectVersion = 56;
	objects = {

/* Begin PBXBuildFile section */
		D36762522A3318B4008C68FF /* SongsCellPresenter.swift in Sources */ = {isa = PBXBuildFile; fileRef = D36762512A3318B4008C68FF /* SongsCellPresenter.swift */; };
		D36762552A331A77008C68FF /* ClassName+Extension.swift in Sources */ = {isa = PBXBuildFile; fileRef = D36762542A331A77008C68FF /* ClassName+Extension.swift */; };
		D36762572A331A8A008C68FF /* UITableview+Extension.swift in Sources */ = {isa = PBXBuildFile; fileRef = D36762562A331A8A008C68FF /* UITableview+Extension.swift */; };
		D36762592A331A9F008C68FF /* Collection+Extension.swift in Sources */ = {isa = PBXBuildFile; fileRef = D36762582A331A9F008C68FF /* Collection+Extension.swift */; };
		D3865CB02A33C8D9008837A8 /* CornerRadius+Extension.swift in Sources */ = {isa = PBXBuildFile; fileRef = D3865CAF2A33C8D9008837A8 /* CornerRadius+Extension.swift */; };
		D388AD562A329E8B00FBA3BD /* DetailsViewController.swift in Sources */ = {isa = PBXBuildFile; fileRef = D388AD542A329E8B00FBA3BD /* DetailsViewController.swift */; };
		D388AD572A329E8B00FBA3BD /* DetailsViewController.xib in Resources */ = {isa = PBXBuildFile; fileRef = D388AD552A329E8B00FBA3BD /* DetailsViewController.xib */; };
		D388AD592A329EDF00FBA3BD /* DetailsInteractor.swift in Sources */ = {isa = PBXBuildFile; fileRef = D388AD582A329EDF00FBA3BD /* DetailsInteractor.swift */; };
		D388AD5B2A32A00D00FBA3BD /* DetailsPresenter.swift in Sources */ = {isa = PBXBuildFile; fileRef = D388AD5A2A32A00D00FBA3BD /* DetailsPresenter.swift */; };
		D388AD5D2A32A22D00FBA3BD /* DetailsRouter.swift in Sources */ = {isa = PBXBuildFile; fileRef = D388AD5C2A32A22D00FBA3BD /* DetailsRouter.swift */; };
		D3A4DCEA2A3279A20069DCEC /* AppDelegate.swift in Sources */ = {isa = PBXBuildFile; fileRef = D3A4DCE92A3279A20069DCEC /* AppDelegate.swift */; };
		D3A4DCEC2A3279A20069DCEC /* SceneDelegate.swift in Sources */ = {isa = PBXBuildFile; fileRef = D3A4DCEB2A3279A20069DCEC /* SceneDelegate.swift */; };
		D3A4DCEE2A3279A20069DCEC /* ViewController.swift in Sources */ = {isa = PBXBuildFile; fileRef = D3A4DCED2A3279A20069DCEC /* ViewController.swift */; };
		D3A4DCF12A3279A20069DCEC /* Main.storyboard in Resources */ = {isa = PBXBuildFile; fileRef = D3A4DCEF2A3279A20069DCEC /* Main.storyboard */; };
		D3A4DCF42A3279A20069DCEC /* musicApp.xcdatamodeld in Sources */ = {isa = PBXBuildFile; fileRef = D3A4DCF22A3279A20069DCEC /* musicApp.xcdatamodeld */; };
		D3A4DCF62A3279A40069DCEC /* Assets.xcassets in Resources */ = {isa = PBXBuildFile; fileRef = D3A4DCF52A3279A40069DCEC /* Assets.xcassets */; };
		D3A4DCF92A3279A40069DCEC /* LaunchScreen.storyboard in Resources */ = {isa = PBXBuildFile; fileRef = D3A4DCF72A3279A40069DCEC /* LaunchScreen.storyboard */; };
		D3A4DD042A3279A40069DCEC /* musicAppTests.swift in Sources */ = {isa = PBXBuildFile; fileRef = D3A4DD032A3279A40069DCEC /* musicAppTests.swift */; };
		D3A4DD0E2A3279A40069DCEC /* musicAppUITests.swift in Sources */ = {isa = PBXBuildFile; fileRef = D3A4DD0D2A3279A40069DCEC /* musicAppUITests.swift */; };
		D3A4DD102A3279A40069DCEC /* musicAppUITestsLaunchTests.swift in Sources */ = {isa = PBXBuildFile; fileRef = D3A4DD0F2A3279A40069DCEC /* musicAppUITestsLaunchTests.swift */; };
		D3A4DD1F2A327B280069DCEC /* Reachability.swift in Sources */ = {isa = PBXBuildFile; fileRef = D3A4DD1E2A327B270069DCEC /* Reachability.swift */; };
		D3A4DD222A327B4A0069DCEC /* BaseViewController.swift in Sources */ = {isa = PBXBuildFile; fileRef = D3A4DD212A327B4A0069DCEC /* BaseViewController.swift */; };
		D3A4DD262A327B9B0069DCEC /* SplashViewController.swift in Sources */ = {isa = PBXBuildFile; fileRef = D3A4DD242A327B9B0069DCEC /* SplashViewController.swift */; };
		D3A4DD272A327B9B0069DCEC /* SplashViewController.xib in Resources */ = {isa = PBXBuildFile; fileRef = D3A4DD252A327B9B0069DCEC /* SplashViewController.xib */; };
		D3A4DD292A327BDC0069DCEC /* SplashPresenter.swift in Sources */ = {isa = PBXBuildFile; fileRef = D3A4DD282A327BDC0069DCEC /* SplashPresenter.swift */; };
		D3A4DD2B2A327BFC0069DCEC /* SplashInteractor.swift in Sources */ = {isa = PBXBuildFile; fileRef = D3A4DD2A2A327BFC0069DCEC /* SplashInteractor.swift */; };
		D3A4DD2D2A327C360069DCEC /* SplashRouter.swift in Sources */ = {isa = PBXBuildFile; fileRef = D3A4DD2C2A327C360069DCEC /* SplashRouter.swift */; };
		D3A4DD302A327C760069DCEC /* musicAPI in Frameworks */ = {isa = PBXBuildFile; productRef = D3A4DD2F2A327C760069DCEC /* musicAPI */; };
		D3A4DD322A327C880069DCEC /* AVFoundation.framework in Frameworks */ = {isa = PBXBuildFile; fileRef = D3A4DD312A327C880069DCEC /* AVFoundation.framework */; };
		D3A4DD3C2A327D9E0069DCEC /* LoadingShowable.swift in Sources */ = {isa = PBXBuildFile; fileRef = D3A4DD3B2A327D9E0069DCEC /* LoadingShowable.swift */; };
		D3A4DD3F2A327DB90069DCEC /* LoadingView.swift in Sources */ = {isa = PBXBuildFile; fileRef = D3A4DD3E2A327DB90069DCEC /* LoadingView.swift */; };
		D3A4DD422A327DE70069DCEC /* HomeViewController.swift in Sources */ = {isa = PBXBuildFile; fileRef = D3A4DD402A327DE70069DCEC /* HomeViewController.swift */; };
		D3A4DD432A327DE70069DCEC /* HomeViewController.xib in Resources */ = {isa = PBXBuildFile; fileRef = D3A4DD412A327DE70069DCEC /* HomeViewController.xib */; };
		D3A4DD452A327DFE0069DCEC /* HomePresenter.swift in Sources */ = {isa = PBXBuildFile; fileRef = D3A4DD442A327DFE0069DCEC /* HomePresenter.swift */; };
		D3A4DD472A327E0B0069DCEC /* HomeInteractor.swift in Sources */ = {isa = PBXBuildFile; fileRef = D3A4DD462A327E0B0069DCEC /* HomeInteractor.swift */; };
		D3A4DD492A327E180069DCEC /* HomeRouter.swift in Sources */ = {isa = PBXBuildFile; fileRef = D3A4DD482A327E180069DCEC /* HomeRouter.swift */; };
		D3A4DD4C2A3280260069DCEC /* Musics.swift in Sources */ = {isa = PBXBuildFile; fileRef = D3A4DD4A2A3280260069DCEC /* Musics.swift */; };
		D3A4DD4D2A3280260069DCEC /* Musics.xib in Resources */ = {isa = PBXBuildFile; fileRef = D3A4DD4B2A3280260069DCEC /* Musics.xib */; };
		D3EF206F2A33525500E37EAB /* SDWebImage in Frameworks */ = {isa = PBXBuildFile; productRef = D3EF206E2A33525500E37EAB /* SDWebImage */; };
/* End PBXBuildFile section */

/* Begin PBXContainerItemProxy section */
		D3A4DD002A3279A40069DCEC /* PBXContainerItemProxy */ = {
			isa = PBXContainerItemProxy;
			containerPortal = D3A4DCDE2A3279A20069DCEC /* Project object */;
			proxyType = 1;
			remoteGlobalIDString = D3A4DCE52A3279A20069DCEC;
			remoteInfo = musicApp;
		};
		D3A4DD0A2A3279A40069DCEC /* PBXContainerItemProxy */ = {
			isa = PBXContainerItemProxy;
			containerPortal = D3A4DCDE2A3279A20069DCEC /* Project object */;
			proxyType = 1;
			remoteGlobalIDString = D3A4DCE52A3279A20069DCEC;
			remoteInfo = musicApp;
		};
/* End PBXContainerItemProxy section */

/* Begin PBXFileReference section */
		D36762512A3318B4008C68FF /* SongsCellPresenter.swift */ = {isa = PBXFileReference; lastKnownFileType = sourcecode.swift; path = SongsCellPresenter.swift; sourceTree = "<group>"; };
		D36762542A331A77008C68FF /* ClassName+Extension.swift */ = {isa = PBXFileReference; lastKnownFileType = sourcecode.swift; path = "ClassName+Extension.swift"; sourceTree = "<group>"; };
		D36762562A331A8A008C68FF /* UITableview+Extension.swift */ = {isa = PBXFileReference; lastKnownFileType = sourcecode.swift; path = "UITableview+Extension.swift"; sourceTree = "<group>"; };
		D36762582A331A9F008C68FF /* Collection+Extension.swift */ = {isa = PBXFileReference; lastKnownFileType = sourcecode.swift; path = "Collection+Extension.swift"; sourceTree = "<group>"; };
		D3865CAF2A33C8D9008837A8 /* CornerRadius+Extension.swift */ = {isa = PBXFileReference; lastKnownFileType = sourcecode.swift; path = "CornerRadius+Extension.swift"; sourceTree = "<group>"; };
		D388AD542A329E8B00FBA3BD /* DetailsViewController.swift */ = {isa = PBXFileReference; lastKnownFileType = sourcecode.swift; path = DetailsViewController.swift; sourceTree = "<group>"; };
		D388AD552A329E8B00FBA3BD /* DetailsViewController.xib */ = {isa = PBXFileReference; lastKnownFileType = file.xib; path = DetailsViewController.xib; sourceTree = "<group>"; };
		D388AD582A329EDF00FBA3BD /* DetailsInteractor.swift */ = {isa = PBXFileReference; lastKnownFileType = sourcecode.swift; path = DetailsInteractor.swift; sourceTree = "<group>"; };
		D388AD5A2A32A00D00FBA3BD /* DetailsPresenter.swift */ = {isa = PBXFileReference; lastKnownFileType = sourcecode.swift; path = DetailsPresenter.swift; sourceTree = "<group>"; };
		D388AD5C2A32A22D00FBA3BD /* DetailsRouter.swift */ = {isa = PBXFileReference; lastKnownFileType = sourcecode.swift; path = DetailsRouter.swift; sourceTree = "<group>"; };
		D3A4DCE62A3279A20069DCEC /* musicApp.app */ = {isa = PBXFileReference; explicitFileType = wrapper.application; includeInIndex = 0; path = musicApp.app; sourceTree = BUILT_PRODUCTS_DIR; };
		D3A4DCE92A3279A20069DCEC /* AppDelegate.swift */ = {isa = PBXFileReference; lastKnownFileType = sourcecode.swift; path = AppDelegate.swift; sourceTree = "<group>"; };
		D3A4DCEB2A3279A20069DCEC /* SceneDelegate.swift */ = {isa = PBXFileReference; lastKnownFileType = sourcecode.swift; path = SceneDelegate.swift; sourceTree = "<group>"; };
		D3A4DCED2A3279A20069DCEC /* ViewController.swift */ = {isa = PBXFileReference; lastKnownFileType = sourcecode.swift; path = ViewController.swift; sourceTree = "<group>"; };
		D3A4DCF02A3279A20069DCEC /* Base */ = {isa = PBXFileReference; lastKnownFileType = file.storyboard; name = Base; path = Base.lproj/Main.storyboard; sourceTree = "<group>"; };
		D3A4DCF32A3279A20069DCEC /* musicApp.xcdatamodel */ = {isa = PBXFileReference; lastKnownFileType = wrapper.xcdatamodel; path = musicApp.xcdatamodel; sourceTree = "<group>"; };
		D3A4DCF52A3279A40069DCEC /* Assets.xcassets */ = {isa = PBXFileReference; lastKnownFileType = folder.assetcatalog; path = Assets.xcassets; sourceTree = "<group>"; };
		D3A4DCF82A3279A40069DCEC /* Base */ = {isa = PBXFileReference; lastKnownFileType = file.storyboard; name = Base; path = Base.lproj/LaunchScreen.storyboard; sourceTree = "<group>"; };
		D3A4DCFA2A3279A40069DCEC /* Info.plist */ = {isa = PBXFileReference; lastKnownFileType = text.plist.xml; path = Info.plist; sourceTree = "<group>"; };
		D3A4DCFF2A3279A40069DCEC /* musicAppTests.xctest */ = {isa = PBXFileReference; explicitFileType = wrapper.cfbundle; includeInIndex = 0; path = musicAppTests.xctest; sourceTree = BUILT_PRODUCTS_DIR; };
		D3A4DD032A3279A40069DCEC /* musicAppTests.swift */ = {isa = PBXFileReference; lastKnownFileType = sourcecode.swift; path = musicAppTests.swift; sourceTree = "<group>"; };
		D3A4DD092A3279A40069DCEC /* musicAppUITests.xctest */ = {isa = PBXFileReference; explicitFileType = wrapper.cfbundle; includeInIndex = 0; path = musicAppUITests.xctest; sourceTree = BUILT_PRODUCTS_DIR; };
		D3A4DD0D2A3279A40069DCEC /* musicAppUITests.swift */ = {isa = PBXFileReference; lastKnownFileType = sourcecode.swift; path = musicAppUITests.swift; sourceTree = "<group>"; };
		D3A4DD0F2A3279A40069DCEC /* musicAppUITestsLaunchTests.swift */ = {isa = PBXFileReference; lastKnownFileType = sourcecode.swift; path = musicAppUITestsLaunchTests.swift; sourceTree = "<group>"; };
		D3A4DD1C2A3279B40069DCEC /* musicAPI */ = {isa = PBXFileReference; lastKnownFileType = wrapper; name = musicAPI; path = ../musicAPI; sourceTree = "<group>"; };
		D3A4DD1E2A327B270069DCEC /* Reachability.swift */ = {isa = PBXFileReference; lastKnownFileType = sourcecode.swift; path = Reachability.swift; sourceTree = "<group>"; };
		D3A4DD212A327B4A0069DCEC /* BaseViewController.swift */ = {isa = PBXFileReference; lastKnownFileType = sourcecode.swift; path = BaseViewController.swift; sourceTree = "<group>"; };
		D3A4DD242A327B9B0069DCEC /* SplashViewController.swift */ = {isa = PBXFileReference; lastKnownFileType = sourcecode.swift; path = SplashViewController.swift; sourceTree = "<group>"; };
		D3A4DD252A327B9B0069DCEC /* SplashViewController.xib */ = {isa = PBXFileReference; lastKnownFileType = file.xib; path = SplashViewController.xib; sourceTree = "<group>"; };
		D3A4DD282A327BDC0069DCEC /* SplashPresenter.swift */ = {isa = PBXFileReference; lastKnownFileType = sourcecode.swift; path = SplashPresenter.swift; sourceTree = "<group>"; };
		D3A4DD2A2A327BFC0069DCEC /* SplashInteractor.swift */ = {isa = PBXFileReference; lastKnownFileType = sourcecode.swift; path = SplashInteractor.swift; sourceTree = "<group>"; };
		D3A4DD2C2A327C360069DCEC /* SplashRouter.swift */ = {isa = PBXFileReference; lastKnownFileType = sourcecode.swift; path = SplashRouter.swift; sourceTree = "<group>"; };
		D3A4DD312A327C880069DCEC /* AVFoundation.framework */ = {isa = PBXFileReference; lastKnownFileType = wrapper.framework; name = AVFoundation.framework; path = System/Library/Frameworks/AVFoundation.framework; sourceTree = SDKROOT; };
		D3A4DD3B2A327D9E0069DCEC /* LoadingShowable.swift */ = {isa = PBXFileReference; lastKnownFileType = sourcecode.swift; path = LoadingShowable.swift; sourceTree = "<group>"; };
		D3A4DD3E2A327DB90069DCEC /* LoadingView.swift */ = {isa = PBXFileReference; lastKnownFileType = sourcecode.swift; path = LoadingView.swift; sourceTree = "<group>"; };
		D3A4DD402A327DE70069DCEC /* HomeViewController.swift */ = {isa = PBXFileReference; lastKnownFileType = sourcecode.swift; path = HomeViewController.swift; sourceTree = "<group>"; };
		D3A4DD412A327DE70069DCEC /* HomeViewController.xib */ = {isa = PBXFileReference; lastKnownFileType = file.xib; path = HomeViewController.xib; sourceTree = "<group>"; };
		D3A4DD442A327DFE0069DCEC /* HomePresenter.swift */ = {isa = PBXFileReference; lastKnownFileType = sourcecode.swift; path = HomePresenter.swift; sourceTree = "<group>"; };
		D3A4DD462A327E0B0069DCEC /* HomeInteractor.swift */ = {isa = PBXFileReference; lastKnownFileType = sourcecode.swift; path = HomeInteractor.swift; sourceTree = "<group>"; };
		D3A4DD482A327E180069DCEC /* HomeRouter.swift */ = {isa = PBXFileReference; lastKnownFileType = sourcecode.swift; path = HomeRouter.swift; sourceTree = "<group>"; };
		D3A4DD4A2A3280260069DCEC /* Musics.swift */ = {isa = PBXFileReference; lastKnownFileType = sourcecode.swift; path = Musics.swift; sourceTree = "<group>"; };
		D3A4DD4B2A3280260069DCEC /* Musics.xib */ = {isa = PBXFileReference; lastKnownFileType = file.xib; path = Musics.xib; sourceTree = "<group>"; };
/* End PBXFileReference section */

/* Begin PBXFrameworksBuildPhase section */
		D3A4DCE32A3279A20069DCEC /* Frameworks */ = {
			isa = PBXFrameworksBuildPhase;
			buildActionMask = 2147483647;
			files = (
				D3EF206F2A33525500E37EAB /* SDWebImage in Frameworks */,
				D3A4DD322A327C880069DCEC /* AVFoundation.framework in Frameworks */,
				D3A4DD302A327C760069DCEC /* musicAPI in Frameworks */,
			);
			runOnlyForDeploymentPostprocessing = 0;
		};
		D3A4DCFC2A3279A40069DCEC /* Frameworks */ = {
			isa = PBXFrameworksBuildPhase;
			buildActionMask = 2147483647;
			files = (
			);
			runOnlyForDeploymentPostprocessing = 0;
		};
		D3A4DD062A3279A40069DCEC /* Frameworks */ = {
			isa = PBXFrameworksBuildPhase;
			buildActionMask = 2147483647;
			files = (
			);
			runOnlyForDeploymentPostprocessing = 0;
		};
/* End PBXFrameworksBuildPhase section */

/* Begin PBXGroup section */
		D36762532A331A53008C68FF /* Extensions */ = {
			isa = PBXGroup;
			children = (
				D36762542A331A77008C68FF /* ClassName+Extension.swift */,
				D36762562A331A8A008C68FF /* UITableview+Extension.swift */,
				D36762582A331A9F008C68FF /* Collection+Extension.swift */,
				D3865CAF2A33C8D9008837A8 /* CornerRadius+Extension.swift */,
			);
			path = Extensions;
			sourceTree = "<group>";
		};
		D388AD532A329E6C00FBA3BD /* DetailsModule */ = {
			isa = PBXGroup;
			children = (
				D388AD542A329E8B00FBA3BD /* DetailsViewController.swift */,
				D388AD552A329E8B00FBA3BD /* DetailsViewController.xib */,
				D388AD582A329EDF00FBA3BD /* DetailsInteractor.swift */,
				D388AD5A2A32A00D00FBA3BD /* DetailsPresenter.swift */,
				D388AD5C2A32A22D00FBA3BD /* DetailsRouter.swift */,
			);
			path = DetailsModule;
			sourceTree = "<group>";
		};
		D3A4DCDD2A3279A20069DCEC = {
			isa = PBXGroup;
			children = (
				D3A4DD1C2A3279B40069DCEC /* musicAPI */,
				D3A4DCE82A3279A20069DCEC /* musicApp */,
				D3A4DD022A3279A40069DCEC /* musicAppTests */,
				D3A4DD0C2A3279A40069DCEC /* musicAppUITests */,
				D3A4DCE72A3279A20069DCEC /* Products */,
				D3A4DD2E2A327C750069DCEC /* Frameworks */,
			);
			sourceTree = "<group>";
		};
		D3A4DCE72A3279A20069DCEC /* Products */ = {
			isa = PBXGroup;
			children = (
				D3A4DCE62A3279A20069DCEC /* musicApp.app */,
				D3A4DCFF2A3279A40069DCEC /* musicAppTests.xctest */,
				D3A4DD092A3279A40069DCEC /* musicAppUITests.xctest */,
			);
			name = Products;
			sourceTree = "<group>";
		};
		D3A4DCE82A3279A20069DCEC /* musicApp */ = {
			isa = PBXGroup;
			children = (
				D36762532A331A53008C68FF /* Extensions */,
				D388AD532A329E6C00FBA3BD /* DetailsModule */,
				D3A4DD3D2A327DAA0069DCEC /* LoadingView */,
				D3A4DD3A2A327D680069DCEC /* LaodingShowable */,
				D3A4DD332A327CD10069DCEC /* HomeModule */,
				D3A4DD232A327B870069DCEC /* Splash */,
				D3A4DD202A327B340069DCEC /* Base */,
				D3A4DD1D2A327B110069DCEC /* Reachability */,
				D3A4DCE92A3279A20069DCEC /* AppDelegate.swift */,
				D3A4DCEB2A3279A20069DCEC /* SceneDelegate.swift */,
				D3A4DCED2A3279A20069DCEC /* ViewController.swift */,
				D3A4DCEF2A3279A20069DCEC /* Main.storyboard */,
				D3A4DCF52A3279A40069DCEC /* Assets.xcassets */,
				D3A4DCF72A3279A40069DCEC /* LaunchScreen.storyboard */,
				D3A4DCFA2A3279A40069DCEC /* Info.plist */,
				D3A4DCF22A3279A20069DCEC /* musicApp.xcdatamodeld */,
			);
			path = musicApp;
			sourceTree = "<group>";
		};
		D3A4DD022A3279A40069DCEC /* musicAppTests */ = {
			isa = PBXGroup;
			children = (
				D3A4DD032A3279A40069DCEC /* musicAppTests.swift */,
			);
			path = musicAppTests;
			sourceTree = "<group>";
		};
		D3A4DD0C2A3279A40069DCEC /* musicAppUITests */ = {
			isa = PBXGroup;
			children = (
				D3A4DD0D2A3279A40069DCEC /* musicAppUITests.swift */,
				D3A4DD0F2A3279A40069DCEC /* musicAppUITestsLaunchTests.swift */,
			);
			path = musicAppUITests;
			sourceTree = "<group>";
		};
		D3A4DD1D2A327B110069DCEC /* Reachability */ = {
			isa = PBXGroup;
			children = (
				D3A4DD1E2A327B270069DCEC /* Reachability.swift */,
			);
			path = Reachability;
			sourceTree = "<group>";
		};
		D3A4DD202A327B340069DCEC /* Base */ = {
			isa = PBXGroup;
			children = (
				D3A4DD212A327B4A0069DCEC /* BaseViewController.swift */,
			);
			path = Base;
			sourceTree = "<group>";
		};
		D3A4DD232A327B870069DCEC /* Splash */ = {
			isa = PBXGroup;
			children = (
				D3A4DD242A327B9B0069DCEC /* SplashViewController.swift */,
				D3A4DD252A327B9B0069DCEC /* SplashViewController.xib */,
				D3A4DD282A327BDC0069DCEC /* SplashPresenter.swift */,
				D3A4DD2A2A327BFC0069DCEC /* SplashInteractor.swift */,
				D3A4DD2C2A327C360069DCEC /* SplashRouter.swift */,
			);
			path = Splash;
			sourceTree = "<group>";
		};
		D3A4DD2E2A327C750069DCEC /* Frameworks */ = {
			isa = PBXGroup;
			children = (
				D3A4DD312A327C880069DCEC /* AVFoundation.framework */,
			);
			name = Frameworks;
			sourceTree = "<group>";
		};
		D3A4DD332A327CD10069DCEC /* HomeModule */ = {
			isa = PBXGroup;
			children = (
				D3A4DD402A327DE70069DCEC /* HomeViewController.swift */,
				D3A4DD412A327DE70069DCEC /* HomeViewController.xib */,
				D3A4DD442A327DFE0069DCEC /* HomePresenter.swift */,
				D3A4DD462A327E0B0069DCEC /* HomeInteractor.swift */,
				D3A4DD482A327E180069DCEC /* HomeRouter.swift */,
				D3A4DD4A2A3280260069DCEC /* Musics.swift */,
				D3A4DD4B2A3280260069DCEC /* Musics.xib */,
				D36762512A3318B4008C68FF /* SongsCellPresenter.swift */,
			);
			path = HomeModule;
			sourceTree = "<group>";
		};
		D3A4DD3A2A327D680069DCEC /* LaodingShowable */ = {
			isa = PBXGroup;
			children = (
				D3A4DD3B2A327D9E0069DCEC /* LoadingShowable.swift */,
			);
			path = LaodingShowable;
			sourceTree = "<group>";
		};
		D3A4DD3D2A327DAA0069DCEC /* LoadingView */ = {
			isa = PBXGroup;
			children = (
				D3A4DD3E2A327DB90069DCEC /* LoadingView.swift */,
			);
			path = LoadingView;
			sourceTree = "<group>";
		};
/* End PBXGroup section */

/* Begin PBXNativeTarget section */
		D3A4DCE52A3279A20069DCEC /* musicApp */ = {
			isa = PBXNativeTarget;
			buildConfigurationList = D3A4DD132A3279A40069DCEC /* Build configuration list for PBXNativeTarget "musicApp" */;
			buildPhases = (
				D3A4DCE22A3279A20069DCEC /* Sources */,
				D3A4DCE32A3279A20069DCEC /* Frameworks */,
				D3A4DCE42A3279A20069DCEC /* Resources */,
			);
			buildRules = (
			);
			dependencies = (
			);
			name = musicApp;
			packageProductDependencies = (
				D3A4DD2F2A327C760069DCEC /* musicAPI */,
				D3EF206E2A33525500E37EAB /* SDWebImage */,
			);
			productName = musicApp;
			productReference = D3A4DCE62A3279A20069DCEC /* musicApp.app */;
			productType = "com.apple.product-type.application";
		};
		D3A4DCFE2A3279A40069DCEC /* musicAppTests */ = {
			isa = PBXNativeTarget;
			buildConfigurationList = D3A4DD162A3279A40069DCEC /* Build configuration list for PBXNativeTarget "musicAppTests" */;
			buildPhases = (
				D3A4DCFB2A3279A40069DCEC /* Sources */,
				D3A4DCFC2A3279A40069DCEC /* Frameworks */,
				D3A4DCFD2A3279A40069DCEC /* Resources */,
			);
			buildRules = (
			);
			dependencies = (
				D3A4DD012A3279A40069DCEC /* PBXTargetDependency */,
			);
			name = musicAppTests;
			productName = musicAppTests;
			productReference = D3A4DCFF2A3279A40069DCEC /* musicAppTests.xctest */;
			productType = "com.apple.product-type.bundle.unit-test";
		};
		D3A4DD082A3279A40069DCEC /* musicAppUITests */ = {
			isa = PBXNativeTarget;
			buildConfigurationList = D3A4DD192A3279A40069DCEC /* Build configuration list for PBXNativeTarget "musicAppUITests" */;
			buildPhases = (
				D3A4DD052A3279A40069DCEC /* Sources */,
				D3A4DD062A3279A40069DCEC /* Frameworks */,
				D3A4DD072A3279A40069DCEC /* Resources */,
			);
			buildRules = (
			);
			dependencies = (
				D3A4DD0B2A3279A40069DCEC /* PBXTargetDependency */,
			);
			name = musicAppUITests;
			productName = musicAppUITests;
			productReference = D3A4DD092A3279A40069DCEC /* musicAppUITests.xctest */;
			productType = "com.apple.product-type.bundle.ui-testing";
		};
/* End PBXNativeTarget section */

/* Begin PBXProject section */
		D3A4DCDE2A3279A20069DCEC /* Project object */ = {
			isa = PBXProject;
			attributes = {
				BuildIndependentTargetsInParallel = 1;
				LastSwiftUpdateCheck = 1430;
				LastUpgradeCheck = 1430;
				TargetAttributes = {
					D3A4DCE52A3279A20069DCEC = {
						CreatedOnToolsVersion = 14.3.1;
					};
					D3A4DCFE2A3279A40069DCEC = {
						CreatedOnToolsVersion = 14.3.1;
						TestTargetID = D3A4DCE52A3279A20069DCEC;
					};
					D3A4DD082A3279A40069DCEC = {
						CreatedOnToolsVersion = 14.3.1;
						TestTargetID = D3A4DCE52A3279A20069DCEC;
					};
				};
			};
			buildConfigurationList = D3A4DCE12A3279A20069DCEC /* Build configuration list for PBXProject "musicApp" */;
			compatibilityVersion = "Xcode 14.0";
			developmentRegion = en;
			hasScannedForEncodings = 0;
			knownRegions = (
				en,
				Base,
			);
			mainGroup = D3A4DCDD2A3279A20069DCEC;
			packageReferences = (
				D3EF206D2A33525500E37EAB /* XCRemoteSwiftPackageReference "SDWebImage" */,
			);
			productRefGroup = D3A4DCE72A3279A20069DCEC /* Products */;
			projectDirPath = "";
			projectRoot = "";
			targets = (
				D3A4DCE52A3279A20069DCEC /* musicApp */,
				D3A4DCFE2A3279A40069DCEC /* musicAppTests */,
				D3A4DD082A3279A40069DCEC /* musicAppUITests */,
			);
		};
/* End PBXProject section */

/* Begin PBXResourcesBuildPhase section */
		D3A4DCE42A3279A20069DCEC /* Resources */ = {
			isa = PBXResourcesBuildPhase;
			buildActionMask = 2147483647;
			files = (
				D388AD572A329E8B00FBA3BD /* DetailsViewController.xib in Resources */,
				D3A4DCF92A3279A40069DCEC /* LaunchScreen.storyboard in Resources */,
				D3A4DCF62A3279A40069DCEC /* Assets.xcassets in Resources */,
				D3A4DD432A327DE70069DCEC /* HomeViewController.xib in Resources */,
				D3A4DD4D2A3280260069DCEC /* Musics.xib in Resources */,
				D3A4DCF12A3279A20069DCEC /* Main.storyboard in Resources */,
				D3A4DD272A327B9B0069DCEC /* SplashViewController.xib in Resources */,
			);
			runOnlyForDeploymentPostprocessing = 0;
		};
		D3A4DCFD2A3279A40069DCEC /* Resources */ = {
			isa = PBXResourcesBuildPhase;
			buildActionMask = 2147483647;
			files = (
			);
			runOnlyForDeploymentPostprocessing = 0;
		};
		D3A4DD072A3279A40069DCEC /* Resources */ = {
			isa = PBXResourcesBuildPhase;
			buildActionMask = 2147483647;
			files = (
			);
			runOnlyForDeploymentPostprocessing = 0;
		};
/* End PBXResourcesBuildPhase section */

/* Begin PBXSourcesBuildPhase section */
		D3A4DCE22A3279A20069DCEC /* Sources */ = {
			isa = PBXSourcesBuildPhase;
			buildActionMask = 2147483647;
			files = (
				D3A4DD3C2A327D9E0069DCEC /* LoadingShowable.swift in Sources */,
				D3A4DCEE2A3279A20069DCEC /* ViewController.swift in Sources */,
				D3A4DCEA2A3279A20069DCEC /* AppDelegate.swift in Sources */,
				D3A4DD472A327E0B0069DCEC /* HomeInteractor.swift in Sources */,
				D3A4DCEC2A3279A20069DCEC /* SceneDelegate.swift in Sources */,
				D3A4DD492A327E180069DCEC /* HomeRouter.swift in Sources */,
				D388AD592A329EDF00FBA3BD /* DetailsInteractor.swift in Sources */,
				D36762572A331A8A008C68FF /* UITableview+Extension.swift in Sources */,
				D388AD5B2A32A00D00FBA3BD /* DetailsPresenter.swift in Sources */,
				D36762592A331A9F008C68FF /* Collection+Extension.swift in Sources */,
				D3A4DD292A327BDC0069DCEC /* SplashPresenter.swift in Sources */,
				D36762552A331A77008C68FF /* ClassName+Extension.swift in Sources */,
				D3865CB02A33C8D9008837A8 /* CornerRadius+Extension.swift in Sources */,
				D3A4DD3F2A327DB90069DCEC /* LoadingView.swift in Sources */,
				D3A4DD2B2A327BFC0069DCEC /* SplashInteractor.swift in Sources */,
				D3A4DD452A327DFE0069DCEC /* HomePresenter.swift in Sources */,
				D3A4DD4C2A3280260069DCEC /* Musics.swift in Sources */,
				D388AD5D2A32A22D00FBA3BD /* DetailsRouter.swift in Sources */,
				D388AD562A329E8B00FBA3BD /* DetailsViewController.swift in Sources */,
				D3A4DD2D2A327C360069DCEC /* SplashRouter.swift in Sources */,
				D3A4DD1F2A327B280069DCEC /* Reachability.swift in Sources */,
				D3A4DCF42A3279A20069DCEC /* musicApp.xcdatamodeld in Sources */,
				D3A4DD262A327B9B0069DCEC /* SplashViewController.swift in Sources */,
				D3A4DD422A327DE70069DCEC /* HomeViewController.swift in Sources */,
				D3A4DD222A327B4A0069DCEC /* BaseViewController.swift in Sources */,
				D36762522A3318B4008C68FF /* SongsCellPresenter.swift in Sources */,
			);
			runOnlyForDeploymentPostprocessing = 0;
		};
		D3A4DCFB2A3279A40069DCEC /* Sources */ = {
			isa = PBXSourcesBuildPhase;
			buildActionMask = 2147483647;
			files = (
				D3A4DD042A3279A40069DCEC /* musicAppTests.swift in Sources */,
			);
			runOnlyForDeploymentPostprocessing = 0;
		};
		D3A4DD052A3279A40069DCEC /* Sources */ = {
			isa = PBXSourcesBuildPhase;
			buildActionMask = 2147483647;
			files = (
				D3A4DD102A3279A40069DCEC /* musicAppUITestsLaunchTests.swift in Sources */,
				D3A4DD0E2A3279A40069DCEC /* musicAppUITests.swift in Sources */,
			);
			runOnlyForDeploymentPostprocessing = 0;
		};
/* End PBXSourcesBuildPhase section */

/* Begin PBXTargetDependency section */
		D3A4DD012A3279A40069DCEC /* PBXTargetDependency */ = {
			isa = PBXTargetDependency;
			target = D3A4DCE52A3279A20069DCEC /* musicApp */;
			targetProxy = D3A4DD002A3279A40069DCEC /* PBXContainerItemProxy */;
		};
		D3A4DD0B2A3279A40069DCEC /* PBXTargetDependency */ = {
			isa = PBXTargetDependency;
			target = D3A4DCE52A3279A20069DCEC /* musicApp */;
			targetProxy = D3A4DD0A2A3279A40069DCEC /* PBXContainerItemProxy */;
		};
/* End PBXTargetDependency section */

/* Begin PBXVariantGroup section */
		D3A4DCEF2A3279A20069DCEC /* Main.storyboard */ = {
			isa = PBXVariantGroup;
			children = (
				D3A4DCF02A3279A20069DCEC /* Base */,
			);
			name = Main.storyboard;
			sourceTree = "<group>";
		};
		D3A4DCF72A3279A40069DCEC /* LaunchScreen.storyboard */ = {
			isa = PBXVariantGroup;
			children = (
				D3A4DCF82A3279A40069DCEC /* Base */,
			);
			name = LaunchScreen.storyboard;
			sourceTree = "<group>";
		};
/* End PBXVariantGroup section */

/* Begin XCBuildConfiguration section */
		D3A4DD112A3279A40069DCEC /* Debug */ = {
			isa = XCBuildConfiguration;
			buildSettings = {
				ALWAYS_SEARCH_USER_PATHS = NO;
				CLANG_ANALYZER_NONNULL = YES;
				CLANG_ANALYZER_NUMBER_OBJECT_CONVERSION = YES_AGGRESSIVE;
				CLANG_CXX_LANGUAGE_STANDARD = "gnu++20";
				CLANG_ENABLE_MODULES = YES;
				CLANG_ENABLE_OBJC_ARC = YES;
				CLANG_ENABLE_OBJC_WEAK = YES;
				CLANG_WARN_BLOCK_CAPTURE_AUTORELEASING = YES;
				CLANG_WARN_BOOL_CONVERSION = YES;
				CLANG_WARN_COMMA = YES;
				CLANG_WARN_CONSTANT_CONVERSION = YES;
				CLANG_WARN_DEPRECATED_OBJC_IMPLEMENTATIONS = YES;
				CLANG_WARN_DIRECT_OBJC_ISA_USAGE = YES_ERROR;
				CLANG_WARN_DOCUMENTATION_COMMENTS = YES;
				CLANG_WARN_EMPTY_BODY = YES;
				CLANG_WARN_ENUM_CONVERSION = YES;
				CLANG_WARN_INFINITE_RECURSION = YES;
				CLANG_WARN_INT_CONVERSION = YES;
				CLANG_WARN_NON_LITERAL_NULL_CONVERSION = YES;
				CLANG_WARN_OBJC_IMPLICIT_RETAIN_SELF = YES;
				CLANG_WARN_OBJC_LITERAL_CONVERSION = YES;
				CLANG_WARN_OBJC_ROOT_CLASS = YES_ERROR;
				CLANG_WARN_QUOTED_INCLUDE_IN_FRAMEWORK_HEADER = YES;
				CLANG_WARN_RANGE_LOOP_ANALYSIS = YES;
				CLANG_WARN_STRICT_PROTOTYPES = YES;
				CLANG_WARN_SUSPICIOUS_MOVE = YES;
				CLANG_WARN_UNGUARDED_AVAILABILITY = YES_AGGRESSIVE;
				CLANG_WARN_UNREACHABLE_CODE = YES;
				CLANG_WARN__DUPLICATE_METHOD_MATCH = YES;
				COPY_PHASE_STRIP = NO;
				DEBUG_INFORMATION_FORMAT = dwarf;
				ENABLE_STRICT_OBJC_MSGSEND = YES;
				ENABLE_TESTABILITY = YES;
				GCC_C_LANGUAGE_STANDARD = gnu11;
				GCC_DYNAMIC_NO_PIC = NO;
				GCC_NO_COMMON_BLOCKS = YES;
				GCC_OPTIMIZATION_LEVEL = 0;
				GCC_PREPROCESSOR_DEFINITIONS = (
					"DEBUG=1",
					"$(inherited)",
				);
				GCC_WARN_64_TO_32_BIT_CONVERSION = YES;
				GCC_WARN_ABOUT_RETURN_TYPE = YES_ERROR;
				GCC_WARN_UNDECLARED_SELECTOR = YES;
				GCC_WARN_UNINITIALIZED_AUTOS = YES_AGGRESSIVE;
				GCC_WARN_UNUSED_FUNCTION = YES;
				GCC_WARN_UNUSED_VARIABLE = YES;
				IPHONEOS_DEPLOYMENT_TARGET = 16.4;
				MTL_ENABLE_DEBUG_INFO = INCLUDE_SOURCE;
				MTL_FAST_MATH = YES;
				ONLY_ACTIVE_ARCH = YES;
				SDKROOT = iphoneos;
				SWIFT_ACTIVE_COMPILATION_CONDITIONS = DEBUG;
				SWIFT_OPTIMIZATION_LEVEL = "-Onone";
			};
			name = Debug;
		};
		D3A4DD122A3279A40069DCEC /* Release */ = {
			isa = XCBuildConfiguration;
			buildSettings = {
				ALWAYS_SEARCH_USER_PATHS = NO;
				CLANG_ANALYZER_NONNULL = YES;
				CLANG_ANALYZER_NUMBER_OBJECT_CONVERSION = YES_AGGRESSIVE;
				CLANG_CXX_LANGUAGE_STANDARD = "gnu++20";
				CLANG_ENABLE_MODULES = YES;
				CLANG_ENABLE_OBJC_ARC = YES;
				CLANG_ENABLE_OBJC_WEAK = YES;
				CLANG_WARN_BLOCK_CAPTURE_AUTORELEASING = YES;
				CLANG_WARN_BOOL_CONVERSION = YES;
				CLANG_WARN_COMMA = YES;
				CLANG_WARN_CONSTANT_CONVERSION = YES;
				CLANG_WARN_DEPRECATED_OBJC_IMPLEMENTATIONS = YES;
				CLANG_WARN_DIRECT_OBJC_ISA_USAGE = YES_ERROR;
				CLANG_WARN_DOCUMENTATION_COMMENTS = YES;
				CLANG_WARN_EMPTY_BODY = YES;
				CLANG_WARN_ENUM_CONVERSION = YES;
				CLANG_WARN_INFINITE_RECURSION = YES;
				CLANG_WARN_INT_CONVERSION = YES;
				CLANG_WARN_NON_LITERAL_NULL_CONVERSION = YES;
				CLANG_WARN_OBJC_IMPLICIT_RETAIN_SELF = YES;
				CLANG_WARN_OBJC_LITERAL_CONVERSION = YES;
				CLANG_WARN_OBJC_ROOT_CLASS = YES_ERROR;
				CLANG_WARN_QUOTED_INCLUDE_IN_FRAMEWORK_HEADER = YES;
				CLANG_WARN_RANGE_LOOP_ANALYSIS = YES;
				CLANG_WARN_STRICT_PROTOTYPES = YES;
				CLANG_WARN_SUSPICIOUS_MOVE = YES;
				CLANG_WARN_UNGUARDED_AVAILABILITY = YES_AGGRESSIVE;
				CLANG_WARN_UNREACHABLE_CODE = YES;
				CLANG_WARN__DUPLICATE_METHOD_MATCH = YES;
				COPY_PHASE_STRIP = NO;
				DEBUG_INFORMATION_FORMAT = "dwarf-with-dsym";
				ENABLE_NS_ASSERTIONS = NO;
				ENABLE_STRICT_OBJC_MSGSEND = YES;
				GCC_C_LANGUAGE_STANDARD = gnu11;
				GCC_NO_COMMON_BLOCKS = YES;
				GCC_WARN_64_TO_32_BIT_CONVERSION = YES;
				GCC_WARN_ABOUT_RETURN_TYPE = YES_ERROR;
				GCC_WARN_UNDECLARED_SELECTOR = YES;
				GCC_WARN_UNINITIALIZED_AUTOS = YES_AGGRESSIVE;
				GCC_WARN_UNUSED_FUNCTION = YES;
				GCC_WARN_UNUSED_VARIABLE = YES;
				IPHONEOS_DEPLOYMENT_TARGET = 16.4;
				MTL_ENABLE_DEBUG_INFO = NO;
				MTL_FAST_MATH = YES;
				SDKROOT = iphoneos;
				SWIFT_COMPILATION_MODE = wholemodule;
				SWIFT_OPTIMIZATION_LEVEL = "-O";
				VALIDATE_PRODUCT = YES;
			};
			name = Release;
		};
		D3A4DD142A3279A40069DCEC /* Debug */ = {
			isa = XCBuildConfiguration;
			buildSettings = {
				ASSETCATALOG_COMPILER_APPICON_NAME = AppIcon;
				ASSETCATALOG_COMPILER_GLOBAL_ACCENT_COLOR_NAME = AccentColor;
				CODE_SIGN_STYLE = Automatic;
				CURRENT_PROJECT_VERSION = 1;
				DEVELOPMENT_TEAM = 698WTL9S57;
				GENERATE_INFOPLIST_FILE = YES;
				INFOPLIST_FILE = musicApp/Info.plist;
				INFOPLIST_KEY_UIApplicationSupportsIndirectInputEvents = YES;
				INFOPLIST_KEY_UILaunchStoryboardName = LaunchScreen;
				INFOPLIST_KEY_UIMainStoryboardFile = Main;
				INFOPLIST_KEY_UISupportedInterfaceOrientations_iPad = "UIInterfaceOrientationPortrait UIInterfaceOrientationPortraitUpsideDown UIInterfaceOrientationLandscapeLeft UIInterfaceOrientationLandscapeRight";
				INFOPLIST_KEY_UISupportedInterfaceOrientations_iPhone = "UIInterfaceOrientationPortrait UIInterfaceOrientationLandscapeLeft UIInterfaceOrientationLandscapeRight";
				LD_RUNPATH_SEARCH_PATHS = (
					"$(inherited)",
					"@executable_path/Frameworks",
				);
				MARKETING_VERSION = 1.0;
				PRODUCT_BUNDLE_IDENTIFIER = asudenisatiras.musicApp;
				PRODUCT_NAME = "$(TARGET_NAME)";
				SWIFT_EMIT_LOC_STRINGS = YES;
				SWIFT_VERSION = 5.0;
				TARGETED_DEVICE_FAMILY = "1,2";
			};
			name = Debug;
		};
		D3A4DD152A3279A40069DCEC /* Release */ = {
			isa = XCBuildConfiguration;
			buildSettings = {
				ASSETCATALOG_COMPILER_APPICON_NAME = AppIcon;
				ASSETCATALOG_COMPILER_GLOBAL_ACCENT_COLOR_NAME = AccentColor;
				CODE_SIGN_STYLE = Automatic;
				CURRENT_PROJECT_VERSION = 1;
				DEVELOPMENT_TEAM = 698WTL9S57;
				GENERATE_INFOPLIST_FILE = YES;
				INFOPLIST_FILE = musicApp/Info.plist;
				INFOPLIST_KEY_UIApplicationSupportsIndirectInputEvents = YES;
				INFOPLIST_KEY_UILaunchStoryboardName = LaunchScreen;
				INFOPLIST_KEY_UIMainStoryboardFile = Main;
				INFOPLIST_KEY_UISupportedInterfaceOrientations_iPad = "UIInterfaceOrientationPortrait UIInterfaceOrientationPortraitUpsideDown UIInterfaceOrientationLandscapeLeft UIInterfaceOrientationLandscapeRight";
				INFOPLIST_KEY_UISupportedInterfaceOrientations_iPhone = "UIInterfaceOrientationPortrait UIInterfaceOrientationLandscapeLeft UIInterfaceOrientationLandscapeRight";
				LD_RUNPATH_SEARCH_PATHS = (
					"$(inherited)",
					"@executable_path/Frameworks",
				);
				MARKETING_VERSION = 1.0;
				PRODUCT_BUNDLE_IDENTIFIER = asudenisatiras.musicApp;
				PRODUCT_NAME = "$(TARGET_NAME)";
				SWIFT_EMIT_LOC_STRINGS = YES;
				SWIFT_VERSION = 5.0;
				TARGETED_DEVICE_FAMILY = "1,2";
			};
			name = Release;
		};
		D3A4DD172A3279A40069DCEC /* Debug */ = {
			isa = XCBuildConfiguration;
			buildSettings = {
				ALWAYS_EMBED_SWIFT_STANDARD_LIBRARIES = YES;
				BUNDLE_LOADER = "$(TEST_HOST)";
				CODE_SIGN_STYLE = Automatic;
				CURRENT_PROJECT_VERSION = 1;
				DEVELOPMENT_TEAM = 698WTL9S57;
				GENERATE_INFOPLIST_FILE = YES;
				IPHONEOS_DEPLOYMENT_TARGET = 16.4;
				MARKETING_VERSION = 1.0;
				PRODUCT_BUNDLE_IDENTIFIER = asudenisatiras.musicAppTests;
				PRODUCT_NAME = "$(TARGET_NAME)";
				SWIFT_EMIT_LOC_STRINGS = NO;
				SWIFT_VERSION = 5.0;
				TARGETED_DEVICE_FAMILY = "1,2";
				TEST_HOST = "$(BUILT_PRODUCTS_DIR)/musicApp.app/$(BUNDLE_EXECUTABLE_FOLDER_PATH)/musicApp";
			};
			name = Debug;
		};
		D3A4DD182A3279A40069DCEC /* Release */ = {
			isa = XCBuildConfiguration;
			buildSettings = {
				ALWAYS_EMBED_SWIFT_STANDARD_LIBRARIES = YES;
				BUNDLE_LOADER = "$(TEST_HOST)";
				CODE_SIGN_STYLE = Automatic;
				CURRENT_PROJECT_VERSION = 1;
				DEVELOPMENT_TEAM = 698WTL9S57;
				GENERATE_INFOPLIST_FILE = YES;
				IPHONEOS_DEPLOYMENT_TARGET = 16.4;
				MARKETING_VERSION = 1.0;
				PRODUCT_BUNDLE_IDENTIFIER = asudenisatiras.musicAppTests;
				PRODUCT_NAME = "$(TARGET_NAME)";
				SWIFT_EMIT_LOC_STRINGS = NO;
				SWIFT_VERSION = 5.0;
				TARGETED_DEVICE_FAMILY = "1,2";
				TEST_HOST = "$(BUILT_PRODUCTS_DIR)/musicApp.app/$(BUNDLE_EXECUTABLE_FOLDER_PATH)/musicApp";
			};
			name = Release;
		};
		D3A4DD1A2A3279A40069DCEC /* Debug */ = {
			isa = XCBuildConfiguration;
			buildSettings = {
				ALWAYS_EMBED_SWIFT_STANDARD_LIBRARIES = YES;
				CODE_SIGN_STYLE = Automatic;
				CURRENT_PROJECT_VERSION = 1;
				DEVELOPMENT_TEAM = 698WTL9S57;
				GENERATE_INFOPLIST_FILE = YES;
				MARKETING_VERSION = 1.0;
				PRODUCT_BUNDLE_IDENTIFIER = asudenisatiras.musicAppUITests;
				PRODUCT_NAME = "$(TARGET_NAME)";
				SWIFT_EMIT_LOC_STRINGS = NO;
				SWIFT_VERSION = 5.0;
				TARGETED_DEVICE_FAMILY = "1,2";
				TEST_TARGET_NAME = musicApp;
			};
			name = Debug;
		};
		D3A4DD1B2A3279A40069DCEC /* Release */ = {
			isa = XCBuildConfiguration;
			buildSettings = {
				ALWAYS_EMBED_SWIFT_STANDARD_LIBRARIES = YES;
				CODE_SIGN_STYLE = Automatic;
				CURRENT_PROJECT_VERSION = 1;
				DEVELOPMENT_TEAM = 698WTL9S57;
				GENERATE_INFOPLIST_FILE = YES;
				MARKETING_VERSION = 1.0;
				PRODUCT_BUNDLE_IDENTIFIER = asudenisatiras.musicAppUITests;
				PRODUCT_NAME = "$(TARGET_NAME)";
				SWIFT_EMIT_LOC_STRINGS = NO;
				SWIFT_VERSION = 5.0;
				TARGETED_DEVICE_FAMILY = "1,2";
				TEST_TARGET_NAME = musicApp;
			};
			name = Release;
		};
/* End XCBuildConfiguration section */

/* Begin XCConfigurationList section */
		D3A4DCE12A3279A20069DCEC /* Build configuration list for PBXProject "musicApp" */ = {
			isa = XCConfigurationList;
			buildConfigurations = (
				D3A4DD112A3279A40069DCEC /* Debug */,
				D3A4DD122A3279A40069DCEC /* Release */,
			);
			defaultConfigurationIsVisible = 0;
			defaultConfigurationName = Release;
		};
		D3A4DD132A3279A40069DCEC /* Build configuration list for PBXNativeTarget "musicApp" */ = {
			isa = XCConfigurationList;
			buildConfigurations = (
				D3A4DD142A3279A40069DCEC /* Debug */,
				D3A4DD152A3279A40069DCEC /* Release */,
			);
			defaultConfigurationIsVisible = 0;
			defaultConfigurationName = Release;
		};
		D3A4DD162A3279A40069DCEC /* Build configuration list for PBXNativeTarget "musicAppTests" */ = {
			isa = XCConfigurationList;
			buildConfigurations = (
				D3A4DD172A3279A40069DCEC /* Debug */,
				D3A4DD182A3279A40069DCEC /* Release */,
			);
			defaultConfigurationIsVisible = 0;
			defaultConfigurationName = Release;
		};
		D3A4DD192A3279A40069DCEC /* Build configuration list for PBXNativeTarget "musicAppUITests" */ = {
			isa = XCConfigurationList;
			buildConfigurations = (
				D3A4DD1A2A3279A40069DCEC /* Debug */,
				D3A4DD1B2A3279A40069DCEC /* Release */,
			);
			defaultConfigurationIsVisible = 0;
			defaultConfigurationName = Release;
		};
/* End XCConfigurationList section */

/* Begin XCRemoteSwiftPackageReference section */
		D3EF206D2A33525500E37EAB /* XCRemoteSwiftPackageReference "SDWebImage" */ = {
			isa = XCRemoteSwiftPackageReference;
			repositoryURL = "https://github.com/SDWebImage/SDWebImage.git";
			requirement = {
				kind = upToNextMajorVersion;
				minimumVersion = 5.0.0;
			};
		};
/* End XCRemoteSwiftPackageReference section */

/* Begin XCSwiftPackageProductDependency section */
		D3A4DD2F2A327C760069DCEC /* musicAPI */ = {
			isa = XCSwiftPackageProductDependency;
			productName = musicAPI;
		};
		D3EF206E2A33525500E37EAB /* SDWebImage */ = {
			isa = XCSwiftPackageProductDependency;
			package = D3EF206D2A33525500E37EAB /* XCRemoteSwiftPackageReference "SDWebImage" */;
			productName = SDWebImage;
		};
/* End XCSwiftPackageProductDependency section */

/* Begin XCVersionGroup section */
		D3A4DCF22A3279A20069DCEC /* musicApp.xcdatamodeld */ = {
			isa = XCVersionGroup;
			children = (
				D3A4DCF32A3279A20069DCEC /* musicApp.xcdatamodel */,
			);
			currentVersion = D3A4DCF32A3279A20069DCEC /* musicApp.xcdatamodel */;
			path = musicApp.xcdatamodeld;
			sourceTree = "<group>";
			versionGroupType = wrapper.xcdatamodel;
		};
/* End XCVersionGroup section */
	};
	rootObject = D3A4DCDE2A3279A20069DCEC /* Project object */;
}
